{
    "_meta": {
        "hash": {
            "sha256": "f5b8af2d5bf03b8658758414cb109a1de38873c6eab99b94b6c1324cd8fa8b5f"
        },
        "pipfile-spec": 6,
        "requires": {
            "python_version": "3.7"
        },
        "sources": [
            {
                "name": "pypi",
                "url": "https://pypi.org/simple",
                "verify_ssl": true
            }
        ]
    },
    "default": {
        "pwinput": {
            "hashes": [
                "sha256:03614712c487c54267ba02c8dde1405c15bbfb6e230fe6f1f366e2e94e344e25"
            ],
            "index": "pypi",
            "version": "==1.0.2"
        }
    },
    "develop": {}
}
